
Microsoft Visual Studio Solution File, Format Version 12.00
# Visual Studio Version 16
VisualStudioVersion = 16.0.30717.126
MinimumVisualStudioVersion = 10.0.40219.1
Project("{FAE04EC0-301F-11D3-BF4B-00C04F79EFBC}") = "FTPApp3", "FTPApp3.csproj", "{ABE6F277-86D1-4E57-87EA-2825712B90A1}"
EndProject
Global
	GlobalSection(SolutionConfigurationPlatforms) = preSolution
		Debug|Any CPU = Debug|Any CPU
		Release|Any CPU = Release|Any CPU
	EndGlobalSection
	GlobalSection(ProjectConfigurationPlatforms) = postSolution
		{ABE6F277-86D1-4E57-87EA-2825712B90A1}.Debug|Any CPU.ActiveCfg = Debug|Any CPU
		{ABE6F277-86D1-4E57-87EA-2825712B90A1}.Debug|Any CPU.Build.0 = Debug|Any CPU
		{ABE6F277-86D1-4E57-87EA-2825712B90A1}.Release|Any CPU.ActiveCfg = Release|Any CPU
		{ABE6F277-86D1-4E57-87EA-2825712B90A1}.Release|Any CPU.Build.0 = Release|Any CPU
	EndGlobalSection
	GlobalSection(SolutionProperties) = preSolution
		HideSolutionNode = FALSE
	EndGlobalSection
	GlobalSection(ExtensibilityGlobals) = postSolution
		SolutionGuid = {CDD7F5C3-0425-4518-9325-CF6083ED1C71}
	EndGlobalSection
EndGlobal
